PODS:
  - Firebase (2.4.2)
  - GoogleMaps (1.10.5)
  - NMPopUpViewSwift (3.0.1)

DEPENDENCIES:
  - Firebase (>= 2.4.2)
  - GoogleMaps
  - NMPopUpViewSwift

SPEC CHECKSUMS:
  Firebase: 5e898ed5012c81d28ca5fae1113c6b61a172bc6d
  GoogleMaps: da51c62c338c2d9c47cdad470a0d1e0e4b8544e4
  NMPopUpViewSwift: 23a44d6db17a9abc6b806f9fac597be6d7e9f300

COCOAPODS: 0.38.2
